// !$*UTF8*$!
{
	archiveVersion = 1;
	classes = {
	};
	objectVersion = 46;
	objects = {

/* Begin PBXBuildFile section */
		AF0DDC811ABFC3B000F13028 /* MobileCoreServices.framework in Frameworks */ = {isa = PBXBuildFile; fileRef = AF0DDC801ABFC3B000F13028 /* MobileCoreServices.framework */; };
		AF2ADF1B1AACBFE600CABC93 /* AppDelegate.swift in Sources */ = {isa = PBXBuildFile; fileRef = AF2ADF1A1AACBFE600CABC93 /* AppDelegate.swift */; };
		AF2ADF1E1AACBFE600CABC93 /* Receipts__.xcdatamodeld in Sources */ = {isa = PBXBuildFile; fileRef = AF2ADF1C1AACBFE600CABC93 /* Receipts__.xcdatamodeld */; };
		AF2ADF231AACBFE600CABC93 /* Main.storyboard in Resources */ = {isa = PBXBuildFile; fileRef = AF2ADF211AACBFE600CABC93 /* Main.storyboard */; };
		AF2ADF251AACBFE600CABC93 /* Images.xcassets in Resources */ = {isa = PBXBuildFile; fileRef = AF2ADF241AACBFE600CABC93 /* Images.xcassets */; };
		AF2ADF281AACBFE600CABC93 /* LaunchScreen.xib in Resources */ = {isa = PBXBuildFile; fileRef = AF2ADF261AACBFE600CABC93 /* LaunchScreen.xib */; };
		AF2ADF341AACBFE700CABC93 /* Receipts__Tests.swift in Sources */ = {isa = PBXBuildFile; fileRef = AF2ADF331AACBFE700CABC93 /* Receipts__Tests.swift */; };
		AFA463D91ABE77B50032F65F /* Labels.swift in Sources */ = {isa = PBXBuildFile; fileRef = AFA463D81ABE77B50032F65F /* Labels.swift */; };
		AFA463DA1ABE77B50032F65F /* Labels.swift in Sources */ = {isa = PBXBuildFile; fileRef = AFA463D81ABE77B50032F65F /* Labels.swift */; };
		AFA463DC1ABE77CE0032F65F /* Receipts.swift in Sources */ = {isa = PBXBuildFile; fileRef = AFA463DB1ABE77CE0032F65F /* Receipts.swift */; };
		AFA463DD1ABE77CE0032F65F /* Receipts.swift in Sources */ = {isa = PBXBuildFile; fileRef = AFA463DB1ABE77CE0032F65F /* Receipts.swift */; };
		AFC1CA201ABA2A93004486C0 /* AssetsViewController.swift in Sources */ = {isa = PBXBuildFile; fileRef = AFC1CA1F1ABA2A93004486C0 /* AssetsViewController.swift */; };
		AFC1CA221ABA2ACA004486C0 /* AssetCell.swift in Sources */ = {isa = PBXBuildFile; fileRef = AFC1CA211ABA2ACA004486C0 /* AssetCell.swift */; };
		AFC1CA241ABA2B7C004486C0 /* CheckMark.swift in Sources */ = {isa = PBXBuildFile; fileRef = AFC1CA231ABA2B7C004486C0 /* CheckMark.swift */; };
		AFC1CA271ABA2C6B004486C0 /* AddLabelViewController.swift in Sources */ = {isa = PBXBuildFile; fileRef = AFC1CA251ABA2C6B004486C0 /* AddLabelViewController.swift */; };
		AFC1CA281ABA2C6B004486C0 /* FoursquareManager.swift in Sources */ = {isa = PBXBuildFile; fileRef = AFC1CA261ABA2C6B004486C0 /* FoursquareManager.swift */; };
		AFC1CA2A1ABA2FFB004486C0 /* Photos.framework in Frameworks */ = {isa = PBXBuildFile; fileRef = AFC1CA291ABA2FFB004486C0 /* Photos.framework */; };
		AFC1CA2C1ABA2FFF004486C0 /* CoreLocation.framework in Frameworks */ = {isa = PBXBuildFile; fileRef = AFC1CA2B1ABA2FFF004486C0 /* CoreLocation.framework */; };
		AFC90F601ABA994800187F06 /* ShareViewController.swift in Sources */ = {isa = PBXBuildFile; fileRef = AFC90F5F1ABA994800187F06 /* ShareViewController.swift */; };
		AFC90F621ABA994800187F06 /* MainInterface.storyboard in Resources */ = {isa = PBXBuildFile; fileRef = AFC90F611ABA994800187F06 /* MainInterface.storyboard */; };
		AFC90F651ABA994800187F06 /* ShareReceipt.appex in Embed App Extensions */ = {isa = PBXBuildFile; fileRef = AFC90F5B1ABA994800187F06 /* ShareReceipt.appex */; settings = {ATTRIBUTES = (RemoveHeadersOnCopy, ); }; };
		AFC90F6C1ABBB4F600187F06 /* ReceiptsTableViewController.swift in Sources */ = {isa = PBXBuildFile; fileRef = AFC90F6B1ABBB4F600187F06 /* ReceiptsTableViewController.swift */; };
		AFD3998C1ABE1FED009EAB8D /* Receipts__.xcdatamodeld in Sources */ = {isa = PBXBuildFile; fileRef = AF2ADF1C1AACBFE600CABC93 /* Receipts__.xcdatamodeld */; };
		AFD3998D1ABE2124009EAB8D /* FoursquareManager.swift in Sources */ = {isa = PBXBuildFile; fileRef = AFC1CA261ABA2C6B004486C0 /* FoursquareManager.swift */; };
		AFD3998F1ABE2222009EAB8D /* ReceiptsCoreDataManager.swift in Sources */ = {isa = PBXBuildFile; fileRef = AFD3998E1ABE2222009EAB8D /* ReceiptsCoreDataManager.swift */; };
		AFD399901ABE2222009EAB8D /* ReceiptsCoreDataManager.swift in Sources */ = {isa = PBXBuildFile; fileRef = AFD3998E1ABE2222009EAB8D /* ReceiptsCoreDataManager.swift */; };
		AFD399951ABE2DE8009EAB8D /* ReceiptsTableViewCell.swift in Sources */ = {isa = PBXBuildFile; fileRef = AFD399941ABE2DE8009EAB8D /* ReceiptsTableViewCell.swift */; };
/* End PBXBuildFile section */

/* Begin PBXContainerItemProxy section */
		AF2ADF2E1AACBFE700CABC93 /* PBXContainerItemProxy */ = {
			isa = PBXContainerItemProxy;
			containerPortal = AF2ADF0D1AACBFE600CABC93 /* Project object */;
			proxyType = 1;
			remoteGlobalIDString = AF2ADF141AACBFE600CABC93;
			remoteInfo = "Receipts++";
		};
		AFC90F631ABA994800187F06 /* PBXContainerItemProxy */ = {
			isa = PBXContainerItemProxy;
			containerPortal = AF2ADF0D1AACBFE600CABC93 /* Project object */;
			proxyType = 1;
			remoteGlobalIDString = AFC90F5A1ABA994800187F06;
			remoteInfo = ShareReceipt;
		};
/* End PBXContainerItemProxy section */

/* Begin PBXCopyFilesBuildPhase section */
		AFC90F691ABA994900187F06 /* Embed App Extensions */ = {
			isa = PBXCopyFilesBuildPhase;
			buildActionMask = 2147483647;
			dstPath = "";
			dstSubfolderSpec = 13;
			files = (
				AFC90F651ABA994800187F06 /* ShareReceipt.appex in Embed App Extensions */,
			);
			name = "Embed App Extensions";
			runOnlyForDeploymentPostprocessing = 0;
		};
/* End PBXCopyFilesBuildPhase section */

/* Begin PBXFileReference section */
		AF0DDC801ABFC3B000F13028 /* MobileCoreServices.framework */ = {isa = PBXFileReference; lastKnownFileType = wrapper.framework; name = MobileCoreServices.framework; path = System/Library/Frameworks/MobileCoreServices.framework; sourceTree = SDKROOT; };
		AF2ADF151AACBFE600CABC93 /* Receipts++.app */ = {isa = PBXFileReference; explicitFileType = wrapper.application; includeInIndex = 0; path = "Receipts++.app"; sourceTree = BUILT_PRODUCTS_DIR; };
		AF2ADF191AACBFE600CABC93 /* Info.plist */ = {isa = PBXFileReference; lastKnownFileType = text.plist.xml; path = Info.plist; sourceTree = "<group>"; };
		AF2ADF1A1AACBFE600CABC93 /* AppDelegate.swift */ = {isa = PBXFileReference; lastKnownFileType = sourcecode.swift; path = AppDelegate.swift; sourceTree = "<group>"; };
		AF2ADF1D1AACBFE600CABC93 /* Receipts__.xcdatamodel */ = {isa = PBXFileReference; lastKnownFileType = wrapper.xcdatamodel; path = Receipts__.xcdatamodel; sourceTree = "<group>"; };
		AF2ADF221AACBFE600CABC93 /* Base */ = {isa = PBXFileReference; lastKnownFileType = file.storyboard; name = Base; path = Base.lproj/Main.storyboard; sourceTree = "<group>"; };
		AF2ADF241AACBFE600CABC93 /* Images.xcassets */ = {isa = PBXFileReference; lastKnownFileType = folder.assetcatalog; path = Images.xcassets; sourceTree = "<group>"; };
		AF2ADF271AACBFE600CABC93 /* Base */ = {isa = PBXFileReference; lastKnownFileType = file.xib; name = Base; path = Base.lproj/LaunchScreen.xib; sourceTree = "<group>"; };
		AF2ADF2D1AACBFE700CABC93 /* Receipts++Tests.xctest */ = {isa = PBXFileReference; explicitFileType = wrapper.cfbundle; includeInIndex = 0; path = "Receipts++Tests.xctest"; sourceTree = BUILT_PRODUCTS_DIR; };
		AF2ADF321AACBFE700CABC93 /* Info.plist */ = {isa = PBXFileReference; lastKnownFileType = text.plist.xml; path = Info.plist; sourceTree = "<group>"; };
		AF2ADF331AACBFE700CABC93 /* Receipts__Tests.swift */ = {isa = PBXFileReference; lastKnownFileType = sourcecode.swift; path = Receipts__Tests.swift; sourceTree = "<group>"; };
		AFA463D81ABE77B50032F65F /* Labels.swift */ = {isa = PBXFileReference; fileEncoding = 4; lastKnownFileType = sourcecode.swift; path = Labels.swift; sourceTree = "<group>"; };
		AFA463DB1ABE77CE0032F65F /* Receipts.swift */ = {isa = PBXFileReference; fileEncoding = 4; lastKnownFileType = sourcecode.swift; path = Receipts.swift; sourceTree = "<group>"; };
		AFC1CA1F1ABA2A93004486C0 /* AssetsViewController.swift */ = {isa = PBXFileReference; fileEncoding = 4; lastKnownFileType = sourcecode.swift; path = AssetsViewController.swift; sourceTree = "<group>"; };
		AFC1CA211ABA2ACA004486C0 /* AssetCell.swift */ = {isa = PBXFileReference; fileEncoding = 4; lastKnownFileType = sourcecode.swift; path = AssetCell.swift; sourceTree = "<group>"; };
		AFC1CA231ABA2B7C004486C0 /* CheckMark.swift */ = {isa = PBXFileReference; fileEncoding = 4; lastKnownFileType = sourcecode.swift; path = CheckMark.swift; sourceTree = "<group>"; };
		AFC1CA251ABA2C6B004486C0 /* AddLabelViewController.swift */ = {isa = PBXFileReference; fileEncoding = 4; lastKnownFileType = sourcecode.swift; path = AddLabelViewController.swift; sourceTree = "<group>"; };
		AFC1CA261ABA2C6B004486C0 /* FoursquareManager.swift */ = {isa = PBXFileReference; fileEncoding = 4; lastKnownFileType = sourcecode.swift; path = FoursquareManager.swift; sourceTree = "<group>"; };
		AFC1CA291ABA2FFB004486C0 /* Photos.framework */ = {isa = PBXFileReference; lastKnownFileType = wrapper.framework; name = Photos.framework; path = System/Library/Frameworks/Photos.framework; sourceTree = SDKROOT; };
		AFC1CA2B1ABA2FFF004486C0 /* CoreLocation.framework */ = {isa = PBXFileReference; lastKnownFileType = wrapper.framework; name = CoreLocation.framework; path = System/Library/Frameworks/CoreLocation.framework; sourceTree = SDKROOT; };
		AFC90F561ABA93C700187F06 /* Receipts++.entitlements */ = {isa = PBXFileReference; lastKnownFileType = text.xml; path = "Receipts++.entitlements"; sourceTree = "<group>"; };
		AFC90F5B1ABA994800187F06 /* ShareReceipt.appex */ = {isa = PBXFileReference; explicitFileType = "wrapper.app-extension"; includeInIndex = 0; path = ShareReceipt.appex; sourceTree = BUILT_PRODUCTS_DIR; };
		AFC90F5E1ABA994800187F06 /* Info.plist */ = {isa = PBXFileReference; lastKnownFileType = text.plist.xml; path = Info.plist; sourceTree = "<group>"; };
		AFC90F5F1ABA994800187F06 /* ShareViewController.swift */ = {isa = PBXFileReference; lastKnownFileType = sourcecode.swift; path = ShareViewController.swift; sourceTree = "<group>"; };
		AFC90F611ABA994800187F06 /* MainInterface.storyboard */ = {isa = PBXFileReference; lastKnownFileType = file.storyboard; path = MainInterface.storyboard; sourceTree = "<group>"; };
		AFC90F6A1ABA995800187F06 /* ShareReceipt.entitlements */ = {isa = PBXFileReference; lastKnownFileType = text.xml; path = ShareReceipt.entitlements; sourceTree = "<group>"; };
		AFC90F6B1ABBB4F600187F06 /* ReceiptsTableViewController.swift */ = {isa = PBXFileReference; fileEncoding = 4; lastKnownFileType = sourcecode.swift; path = ReceiptsTableViewController.swift; sourceTree = "<group>"; };
		AFD3998E1ABE2222009EAB8D /* ReceiptsCoreDataManager.swift */ = {isa = PBXFileReference; fileEncoding = 4; lastKnownFileType = sourcecode.swift; path = ReceiptsCoreDataManager.swift; sourceTree = "<group>"; };
		AFD399941ABE2DE8009EAB8D /* ReceiptsTableViewCell.swift */ = {isa = PBXFileReference; fileEncoding = 4; lastKnownFileType = sourcecode.swift; path = ReceiptsTableViewCell.swift; sourceTree = "<group>"; };
/* End PBXFileReference section */

/* Begin PBXFrameworksBuildPhase section */
		AF2ADF121AACBFE600CABC93 /* Frameworks */ = {
			isa = PBXFrameworksBuildPhase;
			buildActionMask = 2147483647;
			files = (
				AF0DDC811ABFC3B000F13028 /* MobileCoreServices.framework in Frameworks */,
				AFC1CA2C1ABA2FFF004486C0 /* CoreLocation.framework in Frameworks */,
				AFC1CA2A1ABA2FFB004486C0 /* Photos.framework in Frameworks */,
			);
			runOnlyForDeploymentPostprocessing = 0;
		};
		AF2ADF2A1AACBFE700CABC93 /* Frameworks */ = {
			isa = PBXFrameworksBuildPhase;
			buildActionMask = 2147483647;
			files = (
			);
			runOnlyForDeploymentPostprocessing = 0;
		};
		AFC90F581ABA994800187F06 /* Frameworks */ = {
			isa = PBXFrameworksBuildPhase;
			buildActionMask = 2147483647;
			files = (
			);
			runOnlyForDeploymentPostprocessing = 0;
		};
/* End PBXFrameworksBuildPhase section */

/* Begin PBXGroup section */
		AF2ADF0C1AACBFE600CABC93 = {
			isa = PBXGroup;
			children = (
				AF0DDC801ABFC3B000F13028 /* MobileCoreServices.framework */,
				AFC1CA2B1ABA2FFF004486C0 /* CoreLocation.framework */,
				AFC1CA291ABA2FFB004486C0 /* Photos.framework */,
				AF2ADF171AACBFE600CABC93 /* Receipts++ */,
				AF2ADF301AACBFE700CABC93 /* Receipts++Tests */,
				AFC90F5C1ABA994800187F06 /* ShareReceipt */,
				AF2ADF161AACBFE600CABC93 /* Products */,
			);
			sourceTree = "<group>";
		};
		AF2ADF161AACBFE600CABC93 /* Products */ = {
			isa = PBXGroup;
			children = (
				AF2ADF151AACBFE600CABC93 /* Receipts++.app */,
				AF2ADF2D1AACBFE700CABC93 /* Receipts++Tests.xctest */,
				AFC90F5B1ABA994800187F06 /* ShareReceipt.appex */,
			);
			name = Products;
			sourceTree = "<group>";
		};
		AF2ADF171AACBFE600CABC93 /* Receipts++ */ = {
			isa = PBXGroup;
			children = (
				AFC90F561ABA93C700187F06 /* Receipts++.entitlements */,
				AF2ADF1A1AACBFE600CABC93 /* AppDelegate.swift */,
				AFD399971ABE34DB009EAB8D /* CoreData */,
				AFD399981ABE34FF009EAB8D /* ImagePicker */,
				AFD399991ABE352B009EAB8D /* TableView */,
				AFC1CA251ABA2C6B004486C0 /* AddLabelViewController.swift */,
				AFC1CA261ABA2C6B004486C0 /* FoursquareManager.swift */,
				AF2ADF211AACBFE600CABC93 /* Main.storyboard */,
				AF2ADF241AACBFE600CABC93 /* Images.xcassets */,
				AF2ADF261AACBFE600CABC93 /* LaunchScreen.xib */,
				AF2ADF181AACBFE600CABC93 /* Supporting Files */,
			);
			path = "Receipts++";
			sourceTree = "<group>";
		};
		AF2ADF181AACBFE600CABC93 /* Supporting Files */ = {
			isa = PBXGroup;
			children = (
				AF2ADF191AACBFE600CABC93 /* Info.plist */,
			);
			name = "Supporting Files";
			sourceTree = "<group>";
		};
		AF2ADF301AACBFE700CABC93 /* Receipts++Tests */ = {
			isa = PBXGroup;
			children = (
				AF2ADF331AACBFE700CABC93 /* Receipts__Tests.swift */,
				AF2ADF311AACBFE700CABC93 /* Supporting Files */,
			);
			path = "Receipts++Tests";
			sourceTree = "<group>";
		};
		AF2ADF311AACBFE700CABC93 /* Supporting Files */ = {
			isa = PBXGroup;
			children = (
				AF2ADF321AACBFE700CABC93 /* Info.plist */,
			);
			name = "Supporting Files";
			sourceTree = "<group>";
		};
		AFC90F5C1ABA994800187F06 /* ShareReceipt */ = {
			isa = PBXGroup;
			children = (
				AFC90F6A1ABA995800187F06 /* ShareReceipt.entitlements */,
				AFC90F5F1ABA994800187F06 /* ShareViewController.swift */,
				AFC90F611ABA994800187F06 /* MainInterface.storyboard */,
				AFC90F5D1ABA994800187F06 /* Supporting Files */,
			);
			path = ShareReceipt;
			sourceTree = "<group>";
		};
		AFC90F5D1ABA994800187F06 /* Supporting Files */ = {
			isa = PBXGroup;
			children = (
				AFC90F5E1ABA994800187F06 /* Info.plist */,
			);
			name = "Supporting Files";
			sourceTree = "<group>";
		};
		AFD399971ABE34DB009EAB8D /* CoreData */ = {
			isa = PBXGroup;
			children = (
				AF2ADF1C1AACBFE600CABC93 /* Receipts__.xcdatamodeld */,
				AFA463DB1ABE77CE0032F65F /* Receipts.swift */,
				AFA463D81ABE77B50032F65F /* Labels.swift */,
				AFD3998E1ABE2222009EAB8D /* ReceiptsCoreDataManager.swift */,
			);
			name = CoreData;
			sourceTree = "<group>";
		};
		AFD399981ABE34FF009EAB8D /* ImagePicker */ = {
			isa = PBXGroup;
			children = (
				AFC1CA1F1ABA2A93004486C0 /* AssetsViewController.swift */,
				AFC1CA211ABA2ACA004486C0 /* AssetCell.swift */,
				AFC1CA231ABA2B7C004486C0 /* CheckMark.swift */,
			);
			name = ImagePicker;
			sourceTree = "<group>";
		};
		AFD399991ABE352B009EAB8D /* TableView */ = {
			isa = PBXGroup;
			children = (
				AFC90F6B1ABBB4F600187F06 /* ReceiptsTableViewController.swift */,
				AFD399941ABE2DE8009EAB8D /* ReceiptsTableViewCell.swift */,
			);
			name = TableView;
			sourceTree = "<group>";
		};
/* End PBXGroup section */

/* Begin PBXNativeTarget section */
		AF2ADF141AACBFE600CABC93 /* Receipts++ */ = {
			isa = PBXNativeTarget;
			buildConfigurationList = AF2ADF371AACBFE700CABC93 /* Build configuration list for PBXNativeTarget "Receipts++" */;
			buildPhases = (
				AF2ADF111AACBFE600CABC93 /* Sources */,
				AF2ADF121AACBFE600CABC93 /* Frameworks */,
				AF2ADF131AACBFE600CABC93 /* Resources */,
				AFC90F691ABA994900187F06 /* Embed App Extensions */,
			);
			buildRules = (
			);
			dependencies = (
				AFC90F641ABA994800187F06 /* PBXTargetDependency */,
			);
			name = "Receipts++";
			productName = "Receipts++";
			productReference = AF2ADF151AACBFE600CABC93 /* Receipts++.app */;
			productType = "com.apple.product-type.application";
		};
		AF2ADF2C1AACBFE700CABC93 /* Receipts++Tests */ = {
			isa = PBXNativeTarget;
			buildConfigurationList = AF2ADF3A1AACBFE700CABC93 /* Build configuration list for PBXNativeTarget "Receipts++Tests" */;
			buildPhases = (
				AF2ADF291AACBFE700CABC93 /* Sources */,
				AF2ADF2A1AACBFE700CABC93 /* Frameworks */,
				AF2ADF2B1AACBFE700CABC93 /* Resources */,
			);
			buildRules = (
			);
			dependencies = (
				AF2ADF2F1AACBFE700CABC93 /* PBXTargetDependency */,
			);
			name = "Receipts++Tests";
			productName = "Receipts++Tests";
			productReference = AF2ADF2D1AACBFE700CABC93 /* Receipts++Tests.xctest */;
			productType = "com.apple.product-type.bundle.unit-test";
		};
		AFC90F5A1ABA994800187F06 /* ShareReceipt */ = {
			isa = PBXNativeTarget;
			buildConfigurationList = AFC90F661ABA994900187F06 /* Build configuration list for PBXNativeTarget "ShareReceipt" */;
			buildPhases = (
				AFC90F571ABA994800187F06 /* Sources */,
				AFC90F581ABA994800187F06 /* Frameworks */,
				AFC90F591ABA994800187F06 /* Resources */,
			);
			buildRules = (
			);
			dependencies = (
			);
			name = ShareReceipt;
			productName = ShareReceipt;
			productReference = AFC90F5B1ABA994800187F06 /* ShareReceipt.appex */;
			productType = "com.apple.product-type.app-extension";
		};
/* End PBXNativeTarget section */

/* Begin PBXProject section */
		AF2ADF0D1AACBFE600CABC93 /* Project object */ = {
			isa = PBXProject;
			attributes = {
				LastUpgradeCheck = 0610;
				ORGANIZATIONNAME = com.theplayapp;
				TargetAttributes = {
					AF2ADF141AACBFE600CABC93 = {
						CreatedOnToolsVersion = 6.1.1;
						DevelopmentTeam = 2VGL7CT34X;
						SystemCapabilities = {
							com.apple.ApplicationGroups.iOS = {
								enabled = 1;
							};
						};
					};
					AF2ADF2C1AACBFE700CABC93 = {
						CreatedOnToolsVersion = 6.1.1;
						TestTargetID = AF2ADF141AACBFE600CABC93;
					};
					AFC90F5A1ABA994800187F06 = {
						CreatedOnToolsVersion = 6.2;
						DevelopmentTeam = 2VGL7CT34X;
						SystemCapabilities = {
							com.apple.ApplicationGroups.iOS = {
								enabled = 1;
							};
						};
					};
				};
			};
			buildConfigurationList = AF2ADF101AACBFE600CABC93 /* Build configuration list for PBXProject "Receipts++" */;
			compatibilityVersion = "Xcode 3.2";
			developmentRegion = English;
			hasScannedForEncodings = 0;
			knownRegions = (
				en,
				Base,
			);
			mainGroup = AF2ADF0C1AACBFE600CABC93;
			productRefGroup = AF2ADF161AACBFE600CABC93 /* Products */;
			projectDirPath = "";
			projectRoot = "";
			targets = (
				AF2ADF141AACBFE600CABC93 /* Receipts++ */,
				AF2ADF2C1AACBFE700CABC93 /* Receipts++Tests */,
				AFC90F5A1ABA994800187F06 /* ShareReceipt */,
			);
		};
/* End PBXProject section */

/* Begin PBXResourcesBuildPhase section */
		AF2ADF131AACBFE600CABC93 /* Resources */ = {
			isa = PBXResourcesBuildPhase;
			buildActionMask = 2147483647;
			files = (
				AF2ADF231AACBFE600CABC93 /* Main.storyboard in Resources */,
				AF2ADF281AACBFE600CABC93 /* LaunchScreen.xib in Resources */,
				AF2ADF251AACBFE600CABC93 /* Images.xcassets in Resources */,
			);
			runOnlyForDeploymentPostprocessing = 0;
		};
		AF2ADF2B1AACBFE700CABC93 /* Resources */ = {
			isa = PBXResourcesBuildPhase;
			buildActionMask = 2147483647;
			files = (
			);
			runOnlyForDeploymentPostprocessing = 0;
		};
		AFC90F591ABA994800187F06 /* Resources */ = {
			isa = PBXResourcesBuildPhase;
			buildActionMask = 2147483647;
			files = (
				AFC90F621ABA994800187F06 /* MainInterface.storyboard in Resources */,
			);
			runOnlyForDeploymentPostprocessing = 0;
		};
/* End PBXResourcesBuildPhase section */

/* Begin PBXSourcesBuildPhase section */
		AF2ADF111AACBFE600CABC93 /* Sources */ = {
			isa = PBXSourcesBuildPhase;
			buildActionMask = 2147483647;
			files = (
				AFA463DC1ABE77CE0032F65F /* Receipts.swift in Sources */,
				AFC1CA271ABA2C6B004486C0 /* AddLabelViewController.swift in Sources */,
				AFC1CA281ABA2C6B004486C0 /* FoursquareManager.swift in Sources */,
				AF2ADF1E1AACBFE600CABC93 /* Receipts__.xcdatamodeld in Sources */,
				AF2ADF1B1AACBFE600CABC93 /* AppDelegate.swift in Sources */,
				AFD3998F1ABE2222009EAB8D /* ReceiptsCoreDataManager.swift in Sources */,
				AFC1CA241ABA2B7C004486C0 /* CheckMark.swift in Sources */,
				AFC1CA201ABA2A93004486C0 /* AssetsViewController.swift in Sources */,
				AFD399951ABE2DE8009EAB8D /* ReceiptsTableViewCell.swift in Sources */,
				AFC90F6C1ABBB4F600187F06 /* ReceiptsTableViewController.swift in Sources */,
				AFC1CA221ABA2ACA004486C0 /* AssetCell.swift in Sources */,
				AFA463D91ABE77B50032F65F /* Labels.swift in Sources */,
			);
			runOnlyForDeploymentPostprocessing = 0;
		};
		AF2ADF291AACBFE700CABC93 /* Sources */ = {
			isa = PBXSourcesBuildPhase;
			buildActionMask = 2147483647;
			files = (
				AF2ADF341AACBFE700CABC93 /* Receipts__Tests.swift in Sources */,
			);
			runOnlyForDeploymentPostprocessing = 0;
		};
		AFC90F571ABA994800187F06 /* Sources */ = {
			isa = PBXSourcesBuildPhase;
			buildActionMask = 2147483647;
			files = (
				AFA463DD1ABE77CE0032F65F /* Receipts.swift in Sources */,
				AFD3998C1ABE1FED009EAB8D /* Receipts__.xcdatamodeld in Sources */,
				AFA463DA1ABE77B50032F65F /* Labels.swift in Sources */,
				AFD399901ABE2222009EAB8D /* ReceiptsCoreDataManager.swift in Sources */,
				AFD3998D1ABE2124009EAB8D /* FoursquareManager.swift in Sources */,
				AFC90F601ABA994800187F06 /* ShareViewController.swift in Sources */,
			);
			runOnlyForDeploymentPostprocessing = 0;
		};
/* End PBXSourcesBuildPhase section */

/* Begin PBXTargetDependency section */
		AF2ADF2F1AACBFE700CABC93 /* PBXTargetDependency */ = {
			isa = PBXTargetDependency;
			target = AF2ADF141AACBFE600CABC93 /* Receipts++ */;
			targetProxy = AF2ADF2E1AACBFE700CABC93 /* PBXContainerItemProxy */;
		};
		AFC90F641ABA994800187F06 /* PBXTargetDependency */ = {
			isa = PBXTargetDependency;
			target = AFC90F5A1ABA994800187F06 /* ShareReceipt */;
			targetProxy = AFC90F631ABA994800187F06 /* PBXContainerItemProxy */;
		};
/* End PBXTargetDependency section */

/* Begin PBXVariantGroup section */
		AF2ADF211AACBFE600CABC93 /* Main.storyboard */ = {
			isa = PBXVariantGroup;
			children = (
				AF2ADF221AACBFE600CABC93 /* Base */,
			);
			name = Main.storyboard;
			sourceTree = "<group>";
		};
		AF2ADF261AACBFE600CABC93 /* LaunchScreen.xib */ = {
			isa = PBXVariantGroup;
			children = (
				AF2ADF271AACBFE600CABC93 /* Base */,
			);
			name = LaunchScreen.xib;
			sourceTree = "<group>";
		};
/* End PBXVariantGroup section */

/* Begin XCBuildConfiguration section */
		AF2ADF351AACBFE700CABC93 /* Debug */ = {
			isa = XCBuildConfiguration;
			buildSettings = {
				ALWAYS_SEARCH_USER_PATHS = NO;
				CLANG_CXX_LANGUAGE_STANDARD = "gnu++0x";
				CLANG_CXX_LIBRARY = "libc++";
				CLANG_ENABLE_MODULES = YES;
				CLANG_ENABLE_OBJC_ARC = YES;
				CLANG_WARN_BOOL_CONVERSION = YES;
				CLANG_WARN_CONSTANT_CONVERSION = YES;
				CLANG_WARN_DIRECT_OBJC_ISA_USAGE = YES_ERROR;
				CLANG_WARN_EMPTY_BODY = YES;
				CLANG_WARN_ENUM_CONVERSION = YES;
				CLANG_WARN_INT_CONVERSION = YES;
				CLANG_WARN_OBJC_ROOT_CLASS = YES_ERROR;
				CLANG_WARN_UNREACHABLE_CODE = YES;
				CLANG_WARN__DUPLICATE_METHOD_MATCH = YES;
				"CODE_SIGN_IDENTITY[sdk=iphoneos*]" = "iPhone Developer";
				COPY_PHASE_STRIP = NO;
				ENABLE_STRICT_OBJC_MSGSEND = YES;
				GCC_C_LANGUAGE_STANDARD = gnu99;
				GCC_DYNAMIC_NO_PIC = NO;
				GCC_OPTIMIZATION_LEVEL = 0;
				GCC_PREPROCESSOR_DEFINITIONS = (
					"DEBUG=1",
					"$(inherited)",
				);
				GCC_SYMBOLS_PRIVATE_EXTERN = NO;
				GCC_WARN_64_TO_32_BIT_CONVERSION = YES;
				GCC_WARN_ABOUT_RETURN_TYPE = YES_ERROR;
				GCC_WARN_UNDECLARED_SELECTOR = YES;
				GCC_WARN_UNINITIALIZED_AUTOS = YES_AGGRESSIVE;
				GCC_WARN_UNUSED_FUNCTION = YES;
				GCC_WARN_UNUSED_VARIABLE = YES;
				IPHONEOS_DEPLOYMENT_TARGET = 8.1;
				MTL_ENABLE_DEBUG_INFO = YES;
				ONLY_ACTIVE_ARCH = YES;
				SDKROOT = iphoneos;
				SWIFT_OPTIMIZATION_LEVEL = "-Onone";
			};
			name = Debug;
		};
		AF2ADF361AACBFE700CABC93 /* Release */ = {
			isa = XCBuildConfiguration;
			buildSettings = {
				ALWAYS_SEARCH_USER_PATHS = NO;
				CLANG_CXX_LANGUAGE_STANDARD = "gnu++0x";
				CLANG_CXX_LIBRARY = "libc++";
				CLANG_ENABLE_MODULES = YES;
				CLANG_ENABLE_OBJC_ARC = YES;
				CLANG_WARN_BOOL_CONVERSION = YES;
				CLANG_WARN_CONSTANT_CONVERSION = YES;
				CLANG_WARN_DIRECT_OBJC_ISA_USAGE = YES_ERROR;
				CLANG_WARN_EMPTY_BODY = YES;
				CLANG_WARN_ENUM_CONVERSION = YES;
				CLANG_WARN_INT_CONVERSION = YES;
				CLANG_WARN_OBJC_ROOT_CLASS = YES_ERROR;
				CLANG_WARN_UNREACHABLE_CODE = YES;
				CLANG_WARN__DUPLICATE_METHOD_MATCH = YES;
				"CODE_SIGN_IDENTITY[sdk=iphoneos*]" = "iPhone Developer";
				COPY_PHASE_STRIP = YES;
				ENABLE_NS_ASSERTIONS = NO;
				ENABLE_STRICT_OBJC_MSGSEND = YES;
				GCC_C_LANGUAGE_STANDARD = gnu99;
				GCC_WARN_64_TO_32_BIT_CONVERSION = YES;
				GCC_WARN_ABOUT_RETURN_TYPE = YES_ERROR;
				GCC_WARN_UNDECLARED_SELECTOR = YES;
				GCC_WARN_UNINITIALIZED_AUTOS = YES_AGGRESSIVE;
				GCC_WARN_UNUSED_FUNCTION = YES;
				GCC_WARN_UNUSED_VARIABLE = YES;
				IPHONEOS_DEPLOYMENT_TARGET = 8.1;
				MTL_ENABLE_DEBUG_INFO = NO;
				SDKROOT = iphoneos;
				VALIDATE_PRODUCT = YES;
			};
			name = Release;
		};
		AF2ADF381AACBFE700CABC93 /* Debug */ = {
			isa = XCBuildConfiguration;
			buildSettings = {
				ASSETCATALOG_COMPILER_APPICON_NAME = AppIcon;
				CODE_SIGN_ENTITLEMENTS = "Receipts++/Receipts++.entitlements";
				CODE_SIGN_IDENTITY = "iPhone Developer";
				"CODE_SIGN_IDENTITY[sdk=iphoneos*]" = "iPhone Developer";
				EMBEDDED_CONTENT_CONTAINS_SWIFT = YES;
				INFOPLIST_FILE = "Receipts++/Info.plist";
				LD_RUNPATH_SEARCH_PATHS = "$(inherited) @executable_path/Frameworks";
				PRODUCT_NAME = "$(TARGET_NAME)";
				PROVISIONING_PROFILE = "";
			};
			name = Debug;
		};
		AF2ADF391AACBFE700CABC93 /* Release */ = {
			isa = XCBuildConfiguration;
			buildSettings = {
				ASSETCATALOG_COMPILER_APPICON_NAME = AppIcon;
				CODE_SIGN_ENTITLEMENTS = "Receipts++/Receipts++.entitlements";
				CODE_SIGN_IDENTITY = "iPhone Developer";
				"CODE_SIGN_IDENTITY[sdk=iphoneos*]" = "iPhone Developer";
				EMBEDDED_CONTENT_CONTAINS_SWIFT = YES;
				INFOPLIST_FILE = "Receipts++/Info.plist";
				LD_RUNPATH_SEARCH_PATHS = "$(inherited) @executable_path/Frameworks";
				PRODUCT_NAME = "$(TARGET_NAME)";
				PROVISIONING_PROFILE = "";
			};
			name = Release;
		};
		AF2ADF3B1AACBFE700CABC93 /* Debug */ = {
			isa = XCBuildConfiguration;
			buildSettings = {
				BUNDLE_LOADER = "$(TEST_HOST)";
				FRAMEWORK_SEARCH_PATHS = (
					"$(SDKROOT)/Developer/Library/Frameworks",
					"$(inherited)",
				);
				GCC_PREPROCESSOR_DEFINITIONS = (
					"DEBUG=1",
					"$(inherited)",
				);
				INFOPLIST_FILE = "Receipts++Tests/Info.plist";
				LD_RUNPATH_SEARCH_PATHS = "$(inherited) @executable_path/Frameworks @loader_path/Frameworks";
				PRODUCT_NAME = "$(TARGET_NAME)";
				TEST_HOST = "$(BUILT_PRODUCTS_DIR)/Receipts++.app/Receipts++";
			};
			name = Debug;
		};
		AF2ADF3C1AACBFE700CABC93 /* Release */ = {
			isa = XCBuildConfiguration;
			buildSettings = {
				BUNDLE_LOADER = "$(TEST_HOST)";
				FRAMEWORK_SEARCH_PATHS = (
					"$(SDKROOT)/Developer/Library/Frameworks",
					"$(inherited)",
				);
				INFOPLIST_FILE = "Receipts++Tests/Info.plist";
				LD_RUNPATH_SEARCH_PATHS = "$(inherited) @executable_path/Frameworks @loader_path/Frameworks";
				PRODUCT_NAME = "$(TARGET_NAME)";
				TEST_HOST = "$(BUILT_PRODUCTS_DIR)/Receipts++.app/Receipts++";
			};
			name = Release;
		};
		AFC90F671ABA994900187F06 /* Debug */ = {
			isa = XCBuildConfiguration;
			buildSettings = {
				CODE_SIGN_ENTITLEMENTS = ShareReceipt/ShareReceipt.entitlements;
				CODE_SIGN_IDENTITY = "iPhone Developer";
				"CODE_SIGN_IDENTITY[sdk=iphoneos*]" = "iPhone Developer";
				GCC_PREPROCESSOR_DEFINITIONS = (
					"DEBUG=1",
					"$(inherited)",
				);
				INFOPLIST_FILE = ShareReceipt/Info.plist;
				IPHONEOS_DEPLOYMENT_TARGET = 8.2;
				LD_RUNPATH_SEARCH_PATHS = "$(inherited) @executable_path/Frameworks @executable_path/../../Frameworks";
				PRODUCT_NAME = "$(TARGET_NAME)";
				PROVISIONING_PROFILE = "";
				SKIP_INSTALL = YES;
			};
			name = Debug;
		};
		AFC90F681ABA994900187F06 /* Release */ = {
			isa = XCBuildConfiguration;
			buildSettings = {
				CODE_SIGN_ENTITLEMENTS = ShareReceipt/ShareReceipt.entitlements;
				CODE_SIGN_IDENTITY = "iPhone Developer";
				"CODE_SIGN_IDENTITY[sdk=iphoneos*]" = "iPhone Developer";
				COPY_PHASE_STRIP = NO;
				INFOPLIST_FILE = ShareReceipt/Info.plist;
				IPHONEOS_DEPLOYMENT_TARGET = 8.2;
				LD_RUNPATH_SEARCH_PATHS = "$(inherited) @executable_path/Frameworks @executable_path/../../Frameworks";
				PRODUCT_NAME = "$(TARGET_NAME)";
				PROVISIONING_PROFILE = "";
				SKIP_INSTALL = YES;
			};
			name = Release;
		};
/* End XCBuildConfiguration section */

/* Begin XCConfigurationList section */
		AF2ADF101AACBFE600CABC93 /* Build configuration list for PBXProject "Receipts++" */ = {
			isa = XCConfigurationList;
			buildConfigurations = (
				AF2ADF351AACBFE700CABC93 /* Debug */,
				AF2ADF361AACBFE700CABC93 /* Release */,
			);
			defaultConfigurationIsVisible = 0;
			defaultConfigurationName = Release;
		};
		AF2ADF371AACBFE700CABC93 /* Build configuration list for PBXNativeTarget "Receipts++" */ = {
			isa = XCConfigurationList;
			buildConfigurations = (
				AF2ADF381AACBFE700CABC93 /* Debug */,
				AF2ADF391AACBFE700CABC93 /* Release */,
			);
			defaultConfigurationIsVisible = 0;
			defaultConfigurationName = Release;
		};
		AF2ADF3A1AACBFE700CABC93 /* Build configuration list for PBXNativeTarget "Receipts++Tests" */ = {
			isa = XCConfigurationList;
			buildConfigurations = (
				AF2ADF3B1AACBFE700CABC93 /* Debug */,
				AF2ADF3C1AACBFE700CABC93 /* Release */,
			);
			defaultConfigurationIsVisible = 0;
			defaultConfigurationName = Release;
		};
		AFC90F661ABA994900187F06 /* Build configuration list for PBXNativeTarget "ShareReceipt" */ = {
			isa = XCConfigurationList;
			buildConfigurations = (
				AFC90F671ABA994900187F06 /* Debug */,
				AFC90F681ABA994900187F06 /* Release */,
			);
			defaultConfigurationIsVisible = 0;
			defaultConfigurationName = Release;
		};
/* End XCConfigurationList section */

/* Begin XCVersionGroup section */
		AF2ADF1C1AACBFE600CABC93 /* Receipts__.xcdatamodeld */ = {
			isa = XCVersionGroup;
			children = (
				AF2ADF1D1AACBFE600CABC93 /* Receipts__.xcdatamodel */,
			);
			currentVersion = AF2ADF1D1AACBFE600CABC93 /* Receipts__.xcdatamodel */;
			path = Receipts__.xcdatamodeld;
			sourceTree = "<group>";
			versionGroupType = wrapper.xcdatamodel;
		};
/* End XCVersionGroup section */
	};
	rootObject = AF2ADF0D1AACBFE600CABC93 /* Project object */;
}
